
Microsoft Visual Studio Solution File, Format Version 12.00
# Visual Studio Version 17
VisualStudioVersion = 17.9.34728.123
MinimumVisualStudioVersion = 10.0.40219.1
Project("{FAE04EC0-301F-11D3-BF4B-00C04F79EFBC}") = "QueryWatch", "QueryWatch\QueryWatch.csproj", "{47DEE25D-875A-4BE7-8FEB-BE6F4DD1393F}"
EndProject
Global
	GlobalSection(SolutionConfigurationPlatforms) = preSolution
		Debug|Any CPU = Debug|Any CPU
		Release|Any CPU = Release|Any CPU
	EndGlobalSection
	GlobalSection(ProjectConfigurationPlatforms) = postSolution
		{47DEE25D-875A-4BE7-8FEB-BE6F4DD1393F}.Debug|Any CPU.ActiveCfg = Debug|Any CPU
		{47DEE25D-875A-4BE7-8FEB-BE6F4DD1393F}.Debug|Any CPU.Build.0 = Debug|Any CPU
		{47DEE25D-875A-4BE7-8FEB-BE6F4DD1393F}.Release|Any CPU.ActiveCfg = Release|Any CPU
		{47DEE25D-875A-4BE7-8FEB-BE6F4DD1393F}.Release|Any CPU.Build.0 = Release|Any CPU
	EndGlobalSection
	GlobalSection(SolutionProperties) = preSolution
		HideSolutionNode = FALSE
	EndGlobalSection
	GlobalSection(ExtensibilityGlobals) = postSolution
		SolutionGuid = {0C0879EA-7E81-4867-A023-BD1DDBAA62D5}
	EndGlobalSection
EndGlobal
